
Microsoft Visual Studio Solution File, Format Version 12.00
# Visual Studio Version 17
VisualStudioVersion = 17.9.34701.34
MinimumVisualStudioVersion = 10.0.40219.1
Project("{FAE04EC0-301F-11D3-BF4B-00C04F79EFBC}") = "Prueba2", "Prueba2\Prueba2.csproj", "{992C88AB-2E5F-4EA4-ACFC-952355FB8AC7}"
EndProject
Global
	GlobalSection(SolutionConfigurationPlatforms) = preSolution
		Debug|Any CPU = Debug|Any CPU
		Release|Any CPU = Release|Any CPU
	EndGlobalSection
	GlobalSection(ProjectConfigurationPlatforms) = postSolution
		{992C88AB-2E5F-4EA4-ACFC-952355FB8AC7}.Debug|Any CPU.ActiveCfg = Debug|Any CPU
		{992C88AB-2E5F-4EA4-ACFC-952355FB8AC7}.Debug|Any CPU.Build.0 = Debug|Any CPU
		{992C88AB-2E5F-4EA4-ACFC-952355FB8AC7}.Debug|Any CPU.Deploy.0 = Debug|Any CPU
		{992C88AB-2E5F-4EA4-ACFC-952355FB8AC7}.Release|Any CPU.ActiveCfg = Release|Any CPU
		{992C88AB-2E5F-4EA4-ACFC-952355FB8AC7}.Release|Any CPU.Build.0 = Release|Any CPU
		{992C88AB-2E5F-4EA4-ACFC-952355FB8AC7}.Release|Any CPU.Deploy.0 = Release|Any CPU
	EndGlobalSection
	GlobalSection(SolutionProperties) = preSolution
		HideSolutionNode = FALSE
	EndGlobalSection
	GlobalSection(ExtensibilityGlobals) = postSolution
		SolutionGuid = {B4ADB6E4-61A8-495D-9D8E-26D338F98B3E}
	EndGlobalSection
EndGlobal
